Microsoft Visual Studio Solution File, Format Version 12.00
# Visual Studio Version 17
VisualStudioVersion = 17.5.2.0
MinimumVisualStudioVersion = 10.0.40219.1
Project("{FAE04EC0-301F-11D3-BF4B-00C04F79EFBC}") = "AVMVVMGUI", "AVMVVMGUI.csproj", "{0C5E998C-689C-FED0-6284-BFEE7BF1A986}"
EndProject
Global
	GlobalSection(SolutionConfigurationPlatforms) = preSolution
		Debug|Any CPU = Debug|Any CPU
		Release|Any CPU = Release|Any CPU
	EndGlobalSection
	GlobalSection(ProjectConfigurationPlatforms) = postSolution
		{0C5E998C-689C-FED0-6284-BFEE7BF1A986}.Debug|Any CPU.ActiveCfg = Debug|Any CPU
		{0C5E998C-689C-FED0-6284-BFEE7BF1A986}.Debug|Any CPU.Build.0 = Debug|Any CPU
		{0C5E998C-689C-FED0-6284-BFEE7BF1A986}.Release|Any CPU.ActiveCfg = Release|Any CPU
		{0C5E998C-689C-FED0-6284-BFEE7BF1A986}.Release|Any CPU.Build.0 = Release|Any CPU
	EndGlobalSection
	GlobalSection(SolutionProperties) = preSolution
		HideSolutionNode = FALSE
	EndGlobalSection
	GlobalSection(ExtensibilityGlobals) = postSolution
		SolutionGuid = {A5A6DB20-06B2-4BDD-8666-8879EB589CB8}
	EndGlobalSection
EndGlobal
