Microsoft Visual Studio Solution File, Format Version 12.00
# Visual Studio Version 17
VisualStudioVersion = 17.5.2.0
MinimumVisualStudioVersion = 10.0.40219.1
Project("{FAE04EC0-301F-11D3-BF4B-00C04F79EFBC}") = "AVGUI", "AVGUI.csproj", "{08D57AB6-10A7-D0FF-5CD8-7FC826E25162}"
EndProject
Global
	GlobalSection(SolutionConfigurationPlatforms) = preSolution
		Debug|Any CPU = Debug|Any CPU
		Release|Any CPU = Release|Any CPU
	EndGlobalSection
	GlobalSection(ProjectConfigurationPlatforms) = postSolution
		{08D57AB6-10A7-D0FF-5CD8-7FC826E25162}.Debug|Any CPU.ActiveCfg = Debug|Any CPU
		{08D57AB6-10A7-D0FF-5CD8-7FC826E25162}.Debug|Any CPU.Build.0 = Debug|Any CPU
		{08D57AB6-10A7-D0FF-5CD8-7FC826E25162}.Release|Any CPU.ActiveCfg = Release|Any CPU
		{08D57AB6-10A7-D0FF-5CD8-7FC826E25162}.Release|Any CPU.Build.0 = Release|Any CPU
	EndGlobalSection
	GlobalSection(SolutionProperties) = preSolution
		HideSolutionNode = FALSE
	EndGlobalSection
	GlobalSection(ExtensibilityGlobals) = postSolution
		SolutionGuid = {F9AA5BBE-67E4-4D57-8123-8B022C287DB5}
	EndGlobalSection
EndGlobal
